
Microsoft Visual Studio Solution File, Format Version 12.00
# Visual Studio 14
VisualStudioVersion = 14.0.25420.1
MinimumVisualStudioVersion = 10.0.40219.1
Project("{FAE04EC0-301F-11D3-BF4B-00C04F79EFBC}") = "MOC_Tema1", "MOC_Tema1\MOC_Tema1.csproj", "{A4B75D41-A49D-46AD-845C-E1906E909AED}"
EndProject
Project("{FAE04EC0-301F-11D3-BF4B-00C04F79EFBC}") = "BinaryRepresentation", "BinaryRepresentation\BinaryRepresentation.csproj", "{904FB49F-816F-4039-9BBC-621A2A26A3B4}"
EndProject
Project("{FAE04EC0-301F-11D3-BF4B-00C04F79EFBC}") = "TestFunctions", "TestFunctions\TestFunctions.csproj", "{61891462-B636-4023-9B9F-E2905EA80EF7}"
EndProject
Project("{FAE04EC0-301F-11D3-BF4B-00C04F79EFBC}") = "MOC_Tema1_1", "MOC_Tema1_1\MOC_Tema1_1.csproj", "{DDAAD3F4-058A-4867-8FBA-0BC63E1AB513}"
EndProject
Project("{FAE04EC0-301F-11D3-BF4B-00C04F79EFBC}") = "MOC_Tema2", "MOC_Tema2\MOC_Tema2.csproj", "{8EA27A3B-96AF-422A-9E06-971AAE198081}"
EndProject
Project("{FAE04EC0-301F-11D3-BF4B-00C04F79EFBC}") = "TestFunctionsDouble", "TestFunctionsDouble\TestFunctionsDouble.csproj", "{1D776961-9F65-414C-9D7E-D362EFDB25D4}"
EndProject
Global
	GlobalSection(SolutionConfigurationPlatforms) = preSolution
		Debug|Any CPU = Debug|Any CPU
		Release|Any CPU = Release|Any CPU
	EndGlobalSection
	GlobalSection(ProjectConfigurationPlatforms) = postSolution
		{A4B75D41-A49D-46AD-845C-E1906E909AED}.Debug|Any CPU.ActiveCfg = Debug|Any CPU
		{A4B75D41-A49D-46AD-845C-E1906E909AED}.Debug|Any CPU.Build.0 = Debug|Any CPU
		{A4B75D41-A49D-46AD-845C-E1906E909AED}.Release|Any CPU.ActiveCfg = Release|Any CPU
		{A4B75D41-A49D-46AD-845C-E1906E909AED}.Release|Any CPU.Build.0 = Release|Any CPU
		{904FB49F-816F-4039-9BBC-621A2A26A3B4}.Debug|Any CPU.ActiveCfg = Debug|Any CPU
		{904FB49F-816F-4039-9BBC-621A2A26A3B4}.Debug|Any CPU.Build.0 = Debug|Any CPU
		{904FB49F-816F-4039-9BBC-621A2A26A3B4}.Release|Any CPU.ActiveCfg = Release|Any CPU
		{904FB49F-816F-4039-9BBC-621A2A26A3B4}.Release|Any CPU.Build.0 = Release|Any CPU
		{61891462-B636-4023-9B9F-E2905EA80EF7}.Debug|Any CPU.ActiveCfg = Debug|Any CPU
		{61891462-B636-4023-9B9F-E2905EA80EF7}.Debug|Any CPU.Build.0 = Debug|Any CPU
		{61891462-B636-4023-9B9F-E2905EA80EF7}.Release|Any CPU.ActiveCfg = Release|Any CPU
		{61891462-B636-4023-9B9F-E2905EA80EF7}.Release|Any CPU.Build.0 = Release|Any CPU
		{DDAAD3F4-058A-4867-8FBA-0BC63E1AB513}.Debug|Any CPU.ActiveCfg = Debug|Any CPU
		{DDAAD3F4-058A-4867-8FBA-0BC63E1AB513}.Debug|Any CPU.Build.0 = Debug|Any CPU
		{DDAAD3F4-058A-4867-8FBA-0BC63E1AB513}.Release|Any CPU.ActiveCfg = Release|Any CPU
		{DDAAD3F4-058A-4867-8FBA-0BC63E1AB513}.Release|Any CPU.Build.0 = Release|Any CPU
		{8EA27A3B-96AF-422A-9E06-971AAE198081}.Debug|Any CPU.ActiveCfg = Debug|Any CPU
		{8EA27A3B-96AF-422A-9E06-971AAE198081}.Debug|Any CPU.Build.0 = Debug|Any CPU
		{8EA27A3B-96AF-422A-9E06-971AAE198081}.Release|Any CPU.ActiveCfg = Release|Any CPU
		{8EA27A3B-96AF-422A-9E06-971AAE198081}.Release|Any CPU.Build.0 = Release|Any CPU
		{1D776961-9F65-414C-9D7E-D362EFDB25D4}.Debug|Any CPU.ActiveCfg = Debug|Any CPU
		{1D776961-9F65-414C-9D7E-D362EFDB25D4}.Debug|Any CPU.Build.0 = Debug|Any CPU
		{1D776961-9F65-414C-9D7E-D362EFDB25D4}.Release|Any CPU.ActiveCfg = Release|Any CPU
		{1D776961-9F65-414C-9D7E-D362EFDB25D4}.Release|Any CPU.Build.0 = Release|Any CPU
	EndGlobalSection
	GlobalSection(SolutionProperties) = preSolution
		HideSolutionNode = FALSE
	EndGlobalSection
EndGlobal
